
Microsoft Visual Studio Solution File, Format Version 12.00
# Visual Studio 2012
Project("{FAE04EC0-301F-11D3-BF4B-00C04F79EFBC}") = "09.PrintFirstTenMembers", "09.PrintFirstTenMembers\09.PrintFirstTenMembers.csproj", "{CAC66A35-3CB7-4920-BD27-08276224F589}"
EndProject
Global
	GlobalSection(SolutionConfigurationPlatforms) = preSolution
		Debug|Any CPU = Debug|Any CPU
		Release|Any CPU = Release|Any CPU
	EndGlobalSection
	GlobalSection(ProjectConfigurationPlatforms) = postSolution
		{CAC66A35-3CB7-4920-BD27-08276224F589}.Debug|Any CPU.ActiveCfg = Debug|Any CPU
		{CAC66A35-3CB7-4920-BD27-08276224F589}.Debug|Any CPU.Build.0 = Debug|Any CPU
		{CAC66A35-3CB7-4920-BD27-08276224F589}.Release|Any CPU.ActiveCfg = Release|Any CPU
		{CAC66A35-3CB7-4920-BD27-08276224F589}.Release|Any CPU.Build.0 = Release|Any CPU
	EndGlobalSection
	GlobalSection(SolutionProperties) = preSolution
		HideSolutionNode = FALSE
	EndGlobalSection
EndGlobal
